
Microsoft Visual Studio Solution File, Format Version 12.00
# Visual Studio Version 17
VisualStudioVersion = 17.5.002.0
MinimumVisualStudioVersion = 10.0.40219.1
Project("{9A19103F-16F7-4668-BE54-9A1E7A4F7556}") = "Pancakes", "Pancakes.csproj", "{936091B3-E762-43A0-9035-25E384CB09BC}"
EndProject
Global
	GlobalSection(SolutionConfigurationPlatforms) = preSolution
		Debug|Any CPU = Debug|Any CPU
		Release|Any CPU = Release|Any CPU
	EndGlobalSection
	GlobalSection(ProjectConfigurationPlatforms) = postSolution
		{936091B3-E762-43A0-9035-25E384CB09BC}.Debug|Any CPU.ActiveCfg = Debug|Any CPU
		{936091B3-E762-43A0-9035-25E384CB09BC}.Debug|Any CPU.Build.0 = Debug|Any CPU
		{936091B3-E762-43A0-9035-25E384CB09BC}.Release|Any CPU.ActiveCfg = Release|Any CPU
		{936091B3-E762-43A0-9035-25E384CB09BC}.Release|Any CPU.Build.0 = Release|Any CPU
	EndGlobalSection
	GlobalSection(SolutionProperties) = preSolution
		HideSolutionNode = FALSE
	EndGlobalSection
	GlobalSection(ExtensibilityGlobals) = postSolution
		SolutionGuid = {5C44A172-5884-4A75-89AB-8B9182A0D486}
	EndGlobalSection
EndGlobal
